
Microsoft Visual Studio Solution File, Format Version 12.00
# Visual Studio Version 16
VisualStudioVersion = 16.0.31729.503
MinimumVisualStudioVersion = 10.0.40219.1
Project("{8BC9CEB8-8B4A-11D0-8D11-00A0C91BC942}") = "BOJ_2750", "BOJ_2750\BOJ_2750.vcxproj", "{BFF0A9FA-7DDB-4609-BEB3-E78E9D980797}"
EndProject
Global
	GlobalSection(SolutionConfigurationPlatforms) = preSolution
		Debug|x64 = Debug|x64
		Release|x64 = Release|x64
	EndGlobalSection
	GlobalSection(ProjectConfigurationPlatforms) = postSolution
		{BFF0A9FA-7DDB-4609-BEB3-E78E9D980797}.Debug|x64.ActiveCfg = Debug|x64
		{BFF0A9FA-7DDB-4609-BEB3-E78E9D980797}.Debug|x64.Build.0 = Debug|x64
		{BFF0A9FA-7DDB-4609-BEB3-E78E9D980797}.Release|x64.ActiveCfg = Release|x64
		{BFF0A9FA-7DDB-4609-BEB3-E78E9D980797}.Release|x64.Build.0 = Release|x64
	EndGlobalSection
	GlobalSection(SolutionProperties) = preSolution
		HideSolutionNode = FALSE
	EndGlobalSection
	GlobalSection(ExtensibilityGlobals) = postSolution
		SolutionGuid = {D5C5C2CE-F3D2-45A4-863A-918050F5329D}
	EndGlobalSection
EndGlobal
